
Microsoft Visual Studio Solution File, Format Version 12.00
# Visual Studio Version 17
VisualStudioVersion = 17.12.35527.113
MinimumVisualStudioVersion = 10.0.40219.1
Project("{8BC9CEB8-8B4A-11D0-8D11-00A0C91BC942}") = "GenericString", "GenericString\GenericString.vcxproj", "{C8F69E21-2F84-427E-8B1D-15979ECF0AE2}"
EndProject
Project("{8BC9CEB8-8B4A-11D0-8D11-00A0C91BC942}") = "ReadWriteConsole", "ReadWriteConsole\ReadWriteConsole.vcxproj", "{401ACB71-D743-4C63-BB05-5BCEF8EF03B9}"
EndProject
Project("{2150E333-8FDC-42A3-9474-1A3956D46DE8}") = "BinaryUtilities", "BinaryUtilities", "{94FC5EBA-37D8-49EE-A871-FA5E4F4350B2}"
EndProject
Project("{8BC9CEB8-8B4A-11D0-8D11-00A0C91BC942}") = "HexDump", "HexDump\HexDump.vcxproj", "{AF06C2E6-4C30-4DBE-A319-C051A83C9C58}"
EndProject
Project("{2150E333-8FDC-42A3-9474-1A3956D46DE8}") = "Experiment", "Experiment", "{2269F922-E466-4C37-950D-6FFE98005380}"
EndProject
Project("{8BC9CEB8-8B4A-11D0-8D11-00A0C91BC942}") = "ExceptionHandling", "ExceptionHandling\ExceptionHandling.vcxproj", "{BC168377-2536-41ED-B4FC-80F6EED015F5}"
EndProject
Project("{2150E333-8FDC-42A3-9474-1A3956D46DE8}") = "Heap", "Heap", "{9B251B85-95A2-4035-A546-C8EA9EA16F94}"
EndProject
Project("{8BC9CEB8-8B4A-11D0-8D11-00A0C91BC942}") = "SimpleHeap", "Heap\SimpleHeap\SimpleHeap.vcxproj", "{99298E07-8E53-457D-94C0-E1F87EBF5B5A}"
EndProject
Project("{8BC9CEB8-8B4A-11D0-8D11-00A0C91BC942}") = "ReverseString", "ReverseString\ReverseString.vcxproj", "{326E3711-1D66-499E-B5A6-4C55E3979649}"
EndProject
Project("{2150E333-8FDC-42A3-9474-1A3956D46DE8}") = "IntegerPoolStdC", "IntegerPoolStdC", "{1A775986-2B9C-40D5-9049-3E454A6E1FE1}"
EndProject
Project("{8BC9CEB8-8B4A-11D0-8D11-00A0C91BC942}") = "StdC_IPManager", "IntegerPoolStdC\StdC_IPManager\StdC_IPManager.vcxproj", "{1B9C878B-5848-473E-A07E-1328FE89F1E9}"
EndProject
Project("{8BC9CEB8-8B4A-11D0-8D11-00A0C91BC942}") = "StdC_Client", "IntegerPoolStdC\StdC_Client\StdC_Client.vcxproj", "{B50113B8-7390-4BDB-9CFA-96A9484FBB59}"
EndProject
Project("{8BC9CEB8-8B4A-11D0-8D11-00A0C91BC942}") = "Common", "IntegerPoolStdC\Common\Common.vcxitems", "{63004ADB-D6EB-497A-AD3F-465C2862C217}"
EndProject
Global
	GlobalSection(SolutionConfigurationPlatforms) = preSolution
		Debug|x64 = Debug|x64
		Debug|x86 = Debug|x86
		Release|x64 = Release|x64
		Release|x86 = Release|x86
	EndGlobalSection
	GlobalSection(ProjectConfigurationPlatforms) = postSolution
		{C8F69E21-2F84-427E-8B1D-15979ECF0AE2}.Debug|x64.ActiveCfg = Debug|x64
		{C8F69E21-2F84-427E-8B1D-15979ECF0AE2}.Debug|x64.Build.0 = Debug|x64
		{C8F69E21-2F84-427E-8B1D-15979ECF0AE2}.Debug|x86.ActiveCfg = Debug|Win32
		{C8F69E21-2F84-427E-8B1D-15979ECF0AE2}.Debug|x86.Build.0 = Debug|Win32
		{C8F69E21-2F84-427E-8B1D-15979ECF0AE2}.Release|x64.ActiveCfg = Release|x64
		{C8F69E21-2F84-427E-8B1D-15979ECF0AE2}.Release|x64.Build.0 = Release|x64
		{C8F69E21-2F84-427E-8B1D-15979ECF0AE2}.Release|x86.ActiveCfg = Release|Win32
		{C8F69E21-2F84-427E-8B1D-15979ECF0AE2}.Release|x86.Build.0 = Release|Win32
		{401ACB71-D743-4C63-BB05-5BCEF8EF03B9}.Debug|x64.ActiveCfg = Debug|x64
		{401ACB71-D743-4C63-BB05-5BCEF8EF03B9}.Debug|x64.Build.0 = Debug|x64
		{401ACB71-D743-4C63-BB05-5BCEF8EF03B9}.Debug|x86.ActiveCfg = Debug|Win32
		{401ACB71-D743-4C63-BB05-5BCEF8EF03B9}.Debug|x86.Build.0 = Debug|Win32
		{401ACB71-D743-4C63-BB05-5BCEF8EF03B9}.Release|x64.ActiveCfg = Release|x64
		{401ACB71-D743-4C63-BB05-5BCEF8EF03B9}.Release|x64.Build.0 = Release|x64
		{401ACB71-D743-4C63-BB05-5BCEF8EF03B9}.Release|x86.ActiveCfg = Release|Win32
		{401ACB71-D743-4C63-BB05-5BCEF8EF03B9}.Release|x86.Build.0 = Release|Win32
		{AF06C2E6-4C30-4DBE-A319-C051A83C9C58}.Debug|x64.ActiveCfg = Debug|x64
		{AF06C2E6-4C30-4DBE-A319-C051A83C9C58}.Debug|x64.Build.0 = Debug|x64
		{AF06C2E6-4C30-4DBE-A319-C051A83C9C58}.Debug|x86.ActiveCfg = Debug|Win32
		{AF06C2E6-4C30-4DBE-A319-C051A83C9C58}.Debug|x86.Build.0 = Debug|Win32
		{AF06C2E6-4C30-4DBE-A319-C051A83C9C58}.Release|x64.ActiveCfg = Release|x64
		{AF06C2E6-4C30-4DBE-A319-C051A83C9C58}.Release|x64.Build.0 = Release|x64
		{AF06C2E6-4C30-4DBE-A319-C051A83C9C58}.Release|x86.ActiveCfg = Release|Win32
		{AF06C2E6-4C30-4DBE-A319-C051A83C9C58}.Release|x86.Build.0 = Release|Win32
		{BC168377-2536-41ED-B4FC-80F6EED015F5}.Debug|x64.ActiveCfg = Debug|x64
		{BC168377-2536-41ED-B4FC-80F6EED015F5}.Debug|x64.Build.0 = Debug|x64
		{BC168377-2536-41ED-B4FC-80F6EED015F5}.Debug|x86.ActiveCfg = Debug|Win32
		{BC168377-2536-41ED-B4FC-80F6EED015F5}.Debug|x86.Build.0 = Debug|Win32
		{BC168377-2536-41ED-B4FC-80F6EED015F5}.Release|x64.ActiveCfg = Release|x64
		{BC168377-2536-41ED-B4FC-80F6EED015F5}.Release|x64.Build.0 = Release|x64
		{BC168377-2536-41ED-B4FC-80F6EED015F5}.Release|x86.ActiveCfg = Release|Win32
		{BC168377-2536-41ED-B4FC-80F6EED015F5}.Release|x86.Build.0 = Release|Win32
		{99298E07-8E53-457D-94C0-E1F87EBF5B5A}.Debug|x64.ActiveCfg = Debug|x64
		{99298E07-8E53-457D-94C0-E1F87EBF5B5A}.Debug|x64.Build.0 = Debug|x64
		{99298E07-8E53-457D-94C0-E1F87EBF5B5A}.Debug|x86.ActiveCfg = Debug|Win32
		{99298E07-8E53-457D-94C0-E1F87EBF5B5A}.Debug|x86.Build.0 = Debug|Win32
		{99298E07-8E53-457D-94C0-E1F87EBF5B5A}.Release|x64.ActiveCfg = Release|x64
		{99298E07-8E53-457D-94C0-E1F87EBF5B5A}.Release|x64.Build.0 = Release|x64
		{99298E07-8E53-457D-94C0-E1F87EBF5B5A}.Release|x86.ActiveCfg = Release|Win32
		{99298E07-8E53-457D-94C0-E1F87EBF5B5A}.Release|x86.Build.0 = Release|Win32
		{326E3711-1D66-499E-B5A6-4C55E3979649}.Debug|x64.ActiveCfg = Debug|x64
		{326E3711-1D66-499E-B5A6-4C55E3979649}.Debug|x64.Build.0 = Debug|x64
		{326E3711-1D66-499E-B5A6-4C55E3979649}.Debug|x86.ActiveCfg = Debug|Win32
		{326E3711-1D66-499E-B5A6-4C55E3979649}.Debug|x86.Build.0 = Debug|Win32
		{326E3711-1D66-499E-B5A6-4C55E3979649}.Release|x64.ActiveCfg = Release|x64
		{326E3711-1D66-499E-B5A6-4C55E3979649}.Release|x64.Build.0 = Release|x64
		{326E3711-1D66-499E-B5A6-4C55E3979649}.Release|x86.ActiveCfg = Release|Win32
		{326E3711-1D66-499E-B5A6-4C55E3979649}.Release|x86.Build.0 = Release|Win32
		{1B9C878B-5848-473E-A07E-1328FE89F1E9}.Debug|x64.ActiveCfg = Debug|x64
		{1B9C878B-5848-473E-A07E-1328FE89F1E9}.Debug|x64.Build.0 = Debug|x64
		{1B9C878B-5848-473E-A07E-1328FE89F1E9}.Debug|x86.ActiveCfg = Debug|Win32
		{1B9C878B-5848-473E-A07E-1328FE89F1E9}.Debug|x86.Build.0 = Debug|Win32
		{1B9C878B-5848-473E-A07E-1328FE89F1E9}.Release|x64.ActiveCfg = Release|x64
		{1B9C878B-5848-473E-A07E-1328FE89F1E9}.Release|x64.Build.0 = Release|x64
		{1B9C878B-5848-473E-A07E-1328FE89F1E9}.Release|x86.ActiveCfg = Release|Win32
		{1B9C878B-5848-473E-A07E-1328FE89F1E9}.Release|x86.Build.0 = Release|Win32
		{B50113B8-7390-4BDB-9CFA-96A9484FBB59}.Debug|x64.ActiveCfg = Debug|x64
		{B50113B8-7390-4BDB-9CFA-96A9484FBB59}.Debug|x64.Build.0 = Debug|x64
		{B50113B8-7390-4BDB-9CFA-96A9484FBB59}.Debug|x86.ActiveCfg = Debug|Win32
		{B50113B8-7390-4BDB-9CFA-96A9484FBB59}.Debug|x86.Build.0 = Debug|Win32
		{B50113B8-7390-4BDB-9CFA-96A9484FBB59}.Release|x64.ActiveCfg = Release|x64
		{B50113B8-7390-4BDB-9CFA-96A9484FBB59}.Release|x64.Build.0 = Release|x64
		{B50113B8-7390-4BDB-9CFA-96A9484FBB59}.Release|x86.ActiveCfg = Release|Win32
		{B50113B8-7390-4BDB-9CFA-96A9484FBB59}.Release|x86.Build.0 = Release|Win32
	EndGlobalSection
	GlobalSection(SolutionProperties) = preSolution
		HideSolutionNode = FALSE
	EndGlobalSection
	GlobalSection(NestedProjects) = preSolution
		{C8F69E21-2F84-427E-8B1D-15979ECF0AE2} = {2269F922-E466-4C37-950D-6FFE98005380}
		{401ACB71-D743-4C63-BB05-5BCEF8EF03B9} = {2269F922-E466-4C37-950D-6FFE98005380}
		{AF06C2E6-4C30-4DBE-A319-C051A83C9C58} = {94FC5EBA-37D8-49EE-A871-FA5E4F4350B2}
		{BC168377-2536-41ED-B4FC-80F6EED015F5} = {2269F922-E466-4C37-950D-6FFE98005380}
		{9B251B85-95A2-4035-A546-C8EA9EA16F94} = {2269F922-E466-4C37-950D-6FFE98005380}
		{99298E07-8E53-457D-94C0-E1F87EBF5B5A} = {9B251B85-95A2-4035-A546-C8EA9EA16F94}
		{326E3711-1D66-499E-B5A6-4C55E3979649} = {2269F922-E466-4C37-950D-6FFE98005380}
		{1A775986-2B9C-40D5-9049-3E454A6E1FE1} = {2269F922-E466-4C37-950D-6FFE98005380}
		{1B9C878B-5848-473E-A07E-1328FE89F1E9} = {1A775986-2B9C-40D5-9049-3E454A6E1FE1}
		{B50113B8-7390-4BDB-9CFA-96A9484FBB59} = {1A775986-2B9C-40D5-9049-3E454A6E1FE1}
		{63004ADB-D6EB-497A-AD3F-465C2862C217} = {1A775986-2B9C-40D5-9049-3E454A6E1FE1}
	EndGlobalSection
	GlobalSection(SharedMSBuildProjectFiles) = preSolution
		IntegerPoolStdC\Common\Common.vcxitems*{1b9c878b-5848-473e-a07e-1328fe89f1e9}*SharedItemsImports = 4
		IntegerPoolStdC\Common\Common.vcxitems*{b50113b8-7390-4bdb-9cfa-96a9484fbb59}*SharedItemsImports = 4
	EndGlobalSection
EndGlobal
